// !$*UTF8*$!
{
	archiveVersion = 1;
	classes = {
	};
	objectVersion = 50;
	objects = {

/* Begin PBXBuildFile section */
		F95BF9202095B18D00B52272 /* ShaderProgram.cpp in Sources */ = {isa = PBXBuildFile; fileRef = F95BF91E2095B18D00B52272 /* ShaderProgram.cpp */; };
		F95BF9212095BEDD00B52272 /* ShaderProgram.cpp in Sources */ = {isa = PBXBuildFile; fileRef = F95BF91E2095B18D00B52272 /* ShaderProgram.cpp */; };
		F95BF92F2095C40A00B52272 /* main.cpp in Sources */ = {isa = PBXBuildFile; fileRef = F95BF92E2095C40A00B52272 /* main.cpp */; };
		F95BF9332095C64D00B52272 /* libglfw.3.2.dylib in Frameworks */ = {isa = PBXBuildFile; fileRef = F97EC32D2083A2950084A898 /* libglfw.3.2.dylib */; };
		F95BF9372095C7AA00B52272 /* ShaderProgram.cpp in Sources */ = {isa = PBXBuildFile; fileRef = F95BF91E2095B18D00B52272 /* ShaderProgram.cpp */; };
		F95BF9382095C7B200B52272 /* asLog.cpp in Sources */ = {isa = PBXBuildFile; fileRef = F97C435720922B9100D83128 /* asLog.cpp */; };
		F95BF9392095C7BE00B52272 /* glad.c in Sources */ = {isa = PBXBuildFile; fileRef = F97EC317208399C70084A898 /* glad.c */; };
		F95BF93E2095CBAF00B52272 /* timing.fs in CopyFiles */ = {isa = PBXBuildFile; fileRef = F95BF9272095C2DE00B52272 /* timing.fs */; };
		F95BF93F2095CBAF00B52272 /* timing.vs in CopyFiles */ = {isa = PBXBuildFile; fileRef = F95BF9252095C29600B52272 /* timing.vs */; };
		F95BF9422095D42200B52272 /* vertexWithColor.fs in CopyFiles */ = {isa = PBXBuildFile; fileRef = F95BF9412095D19400B52272 /* vertexWithColor.fs */; };
		F95BF9432095D42200B52272 /* vertexWithColor.vs in CopyFiles */ = {isa = PBXBuildFile; fileRef = F95BF9402095D17D00B52272 /* vertexWithColor.vs */; };
		F95BF9472096F26000B52272 /* stb_image.cpp in Sources */ = {isa = PBXBuildFile; fileRef = F95BF9462096F26000B52272 /* stb_image.cpp */; };
		F95BF9482096F26000B52272 /* stb_image.cpp in Sources */ = {isa = PBXBuildFile; fileRef = F95BF9462096F26000B52272 /* stb_image.cpp */; };
		F95BF9492096F26000B52272 /* stb_image.cpp in Sources */ = {isa = PBXBuildFile; fileRef = F95BF9462096F26000B52272 /* stb_image.cpp */; };
		F95BF9642096F35200B52272 /* main.cpp in Sources */ = {isa = PBXBuildFile; fileRef = F95BF9632096F35200B52272 /* main.cpp */; };
		F95BF9682096F3D900B52272 /* asLog.cpp in Sources */ = {isa = PBXBuildFile; fileRef = F97C435720922B9100D83128 /* asLog.cpp */; };
		F95BF9692096F3E600B52272 /* glad.c in Sources */ = {isa = PBXBuildFile; fileRef = F97EC317208399C70084A898 /* glad.c */; };
		F95BF96A2096F3EF00B52272 /* ShaderProgram.cpp in Sources */ = {isa = PBXBuildFile; fileRef = F95BF91E2095B18D00B52272 /* ShaderProgram.cpp */; };
		F95BF96B2096F42500B52272 /* libglfw.3.2.dylib in Frameworks */ = {isa = PBXBuildFile; fileRef = F97EC32D2083A2950084A898 /* libglfw.3.2.dylib */; };
		F95BF9752096F69A00B52272 /* stb_image.cpp in Sources */ = {isa = PBXBuildFile; fileRef = F95BF9462096F26000B52272 /* stb_image.cpp */; };
		F95BF9762096F6ED00B52272 /* container.jpg in CopyFiles */ = {isa = PBXBuildFile; fileRef = F95BF9732096F58800B52272 /* container.jpg */; };
		F95BF9772096F6ED00B52272 /* timing.fs in CopyFiles */ = {isa = PBXBuildFile; fileRef = F95BF9272095C2DE00B52272 /* timing.fs */; };
		F95BF9782096F6ED00B52272 /* vertexWithColor.fs in CopyFiles */ = {isa = PBXBuildFile; fileRef = F95BF9412095D19400B52272 /* vertexWithColor.fs */; };
		F95BF9792096F6ED00B52272 /* timing.vs in CopyFiles */ = {isa = PBXBuildFile; fileRef = F95BF9252095C29600B52272 /* timing.vs */; };
		F95BF97A2096F6ED00B52272 /* vertexWithColor.vs in CopyFiles */ = {isa = PBXBuildFile; fileRef = F95BF9402095D17D00B52272 /* vertexWithColor.vs */; };
		F95BF97D2097057B00B52272 /* texture.fs in CopyFiles */ = {isa = PBXBuildFile; fileRef = F95BF97C2096FFD400B52272 /* texture.fs */; };
		F95BF97E2097057B00B52272 /* texture.vs in CopyFiles */ = {isa = PBXBuildFile; fileRef = F95BF97B2096FFBE00B52272 /* texture.vs */; };
		F95BF98020970CC700B52272 /* awesomeface.png in CopyFiles */ = {isa = PBXBuildFile; fileRef = F95BF97F20970CC100B52272 /* awesomeface.png */; };
		F97C434E2091130C00D83128 /* main.cpp in Sources */ = {isa = PBXBuildFile; fileRef = F97C434D2091130C00D83128 /* main.cpp */; };
		F97C435220921E3100D83128 /* libglfw.3.2.dylib in Frameworks */ = {isa = PBXBuildFile; fileRef = F97EC32D2083A2950084A898 /* libglfw.3.2.dylib */; };
		F97C43542092265900D83128 /* glad.c in Sources */ = {isa = PBXBuildFile; fileRef = F97EC317208399C70084A898 /* glad.c */; };
		F97C435920922BA700D83128 /* asLog.cpp in Sources */ = {isa = PBXBuildFile; fileRef = F97C435720922B9100D83128 /* asLog.cpp */; };
		F97C435A20922BF700D83128 /* asLog.c in Sources */ = {isa = PBXBuildFile; fileRef = F97EC3452083B3F40084A898 /* asLog.c */; };
		F97EC32120839A0F0084A898 /* main.m in Sources */ = {isa = PBXBuildFile; fileRef = F97EC32020839A0F0084A898 /* main.m */; };
		F97EC32720839A340084A898 /* OpenGL.framework in Frameworks */ = {isa = PBXBuildFile; fileRef = F97EC32620839A340084A898 /* OpenGL.framework */; };
		F97EC32A2083A0420084A898 /* glad.c in Sources */ = {isa = PBXBuildFile; fileRef = F97EC317208399C70084A898 /* glad.c */; };
		F97EC32E2083A2950084A898 /* libglfw.3.2.dylib in Frameworks */ = {isa = PBXBuildFile; fileRef = F97EC32D2083A2950084A898 /* libglfw.3.2.dylib */; };
/* End PBXBuildFile section */

/* Begin PBXCopyFilesBuildPhase section */
		F95BF92A2095C40A00B52272 /* CopyFiles */ = {
			isa = PBXCopyFilesBuildPhase;
			buildActionMask = 2147483647;
			dstPath = /usr/share/man/man1;
			dstSubfolderSpec = 0;
			files = (
			);
			runOnlyForDeploymentPostprocessing = 1;
		};
		F95BF93D2095CB9600B52272 /* CopyFiles */ = {
			isa = PBXCopyFilesBuildPhase;
			buildActionMask = 2147483647;
			dstPath = "";
			dstSubfolderSpec = 16;
			files = (
				F95BF9422095D42200B52272 /* vertexWithColor.fs in CopyFiles */,
				F95BF9432095D42200B52272 /* vertexWithColor.vs in CopyFiles */,
				F95BF93E2095CBAF00B52272 /* timing.fs in CopyFiles */,
				F95BF93F2095CBAF00B52272 /* timing.vs in CopyFiles */,
			);
			runOnlyForDeploymentPostprocessing = 0;
		};
		F95BF95F2096F35200B52272 /* CopyFiles */ = {
			isa = PBXCopyFilesBuildPhase;
			buildActionMask = 12;
			dstPath = "";
			dstSubfolderSpec = 16;
			files = (
				F95BF98020970CC700B52272 /* awesomeface.png in CopyFiles */,
				F95BF97D2097057B00B52272 /* texture.fs in CopyFiles */,
				F95BF97E2097057B00B52272 /* texture.vs in CopyFiles */,
				F95BF9762096F6ED00B52272 /* container.jpg in CopyFiles */,
				F95BF9772096F6ED00B52272 /* timing.fs in CopyFiles */,
				F95BF9782096F6ED00B52272 /* vertexWithColor.fs in CopyFiles */,
				F95BF9792096F6ED00B52272 /* timing.vs in CopyFiles */,
				F95BF97A2096F6ED00B52272 /* vertexWithColor.vs in CopyFiles */,
			);
			runOnlyForDeploymentPostprocessing = 0;
		};
		F97C43492091130C00D83128 /* CopyFiles */ = {
			isa = PBXCopyFilesBuildPhase;
			buildActionMask = 2147483647;
			dstPath = /usr/share/man/man1/;
			dstSubfolderSpec = 0;
			files = (
			);
			runOnlyForDeploymentPostprocessing = 1;
		};
		F97EC31B20839A0F0084A898 /* CopyFiles */ = {
			isa = PBXCopyFilesBuildPhase;
			buildActionMask = 2147483647;
			dstPath = /usr/share/man/man1/;
			dstSubfolderSpec = 0;
			files = (
			);
			runOnlyForDeploymentPostprocessing = 1;
		};
/* End PBXCopyFilesBuildPhase section */

/* Begin PBXFileReference section */
		F95BF91E2095B18D00B52272 /* ShaderProgram.cpp */ = {isa = PBXFileReference; lastKnownFileType = sourcecode.cpp.cpp; path = ShaderProgram.cpp; sourceTree = "<group>"; };
		F95BF91F2095B18D00B52272 /* ShaderProgram.hpp */ = {isa = PBXFileReference; lastKnownFileType = sourcecode.cpp.h; path = ShaderProgram.hpp; sourceTree = "<group>"; };
		F95BF9252095C29600B52272 /* timing.vs */ = {isa = PBXFileReference; lastKnownFileType = sourcecode.glsl; path = timing.vs; sourceTree = "<group>"; };
		F95BF9272095C2DE00B52272 /* timing.fs */ = {isa = PBXFileReference; lastKnownFileType = sourcecode.glsl; path = timing.fs; sourceTree = "<group>"; };
		F95BF92C2095C40A00B52272 /* timing */ = {isa = PBXFileReference; explicitFileType = "compiled.mach-o.executable"; includeInIndex = 0; path = timing; sourceTree = BUILT_PRODUCTS_DIR; };
		F95BF92E2095C40A00B52272 /* main.cpp */ = {isa = PBXFileReference; lastKnownFileType = sourcecode.cpp.cpp; path = main.cpp; sourceTree = "<group>"; };
		F95BF9402095D17D00B52272 /* vertexWithColor.vs */ = {isa = PBXFileReference; lastKnownFileType = sourcecode.glsl; path = vertexWithColor.vs; sourceTree = "<group>"; };
		F95BF9412095D19400B52272 /* vertexWithColor.fs */ = {isa = PBXFileReference; lastKnownFileType = sourcecode.glsl; path = vertexWithColor.fs; sourceTree = "<group>"; };
		F95BF9452096F1C700B52272 /* stb_image.h */ = {isa = PBXFileReference; fileEncoding = 4; lastKnownFileType = sourcecode.c.h; path = stb_image.h; sourceTree = "<group>"; };
		F95BF9462096F26000B52272 /* stb_image.cpp */ = {isa = PBXFileReference; lastKnownFileType = sourcecode.cpp.cpp; path = stb_image.cpp; sourceTree = "<group>"; };
		F95BF9612096F35200B52272 /* texture */ = {isa = PBXFileReference; explicitFileType = "compiled.mach-o.executable"; includeInIndex = 0; path = texture; sourceTree = BUILT_PRODUCTS_DIR; };
		F95BF9632096F35200B52272 /* main.cpp */ = {isa = PBXFileReference; lastKnownFileType = sourcecode.cpp.cpp; path = main.cpp; sourceTree = "<group>"; };
		F95BF9732096F58800B52272 /* container.jpg */ = {isa = PBXFileReference; lastKnownFileType = image.jpeg; path = container.jpg; sourceTree = "<group>"; };
		F95BF97B2096FFBE00B52272 /* texture.vs */ = {isa = PBXFileReference; lastKnownFileType = sourcecode.glsl; path = texture.vs; sourceTree = "<group>"; };
		F95BF97C2096FFD400B52272 /* texture.fs */ = {isa = PBXFileReference; lastKnownFileType = sourcecode.glsl; path = texture.fs; sourceTree = "<group>"; };
		F95BF97F20970CC100B52272 /* awesomeface.png */ = {isa = PBXFileReference; lastKnownFileType = image.png; path = awesomeface.png; sourceTree = "<group>"; };
		F97C434B2091130C00D83128 /* hello-triangle */ = {isa = PBXFileReference; explicitFileType = "compiled.mach-o.executable"; includeInIndex = 0; path = "hello-triangle"; sourceTree = BUILT_PRODUCTS_DIR; };
		F97C434D2091130C00D83128 /* main.cpp */ = {isa = PBXFileReference; lastKnownFileType = sourcecode.cpp.cpp; path = main.cpp; sourceTree = "<group>"; };
		F97C435720922B9100D83128 /* asLog.cpp */ = {isa = PBXFileReference; lastKnownFileType = sourcecode.cpp.cpp; path = asLog.cpp; sourceTree = "<group>"; };
		F97EC313208399C70084A898 /* khrplatform.h */ = {isa = PBXFileReference; lastKnownFileType = sourcecode.c.h; path = khrplatform.h; sourceTree = "<group>"; };
		F97EC315208399C70084A898 /* glad.h */ = {isa = PBXFileReference; lastKnownFileType = sourcecode.c.h; path = glad.h; sourceTree = "<group>"; };
		F97EC317208399C70084A898 /* glad.c */ = {isa = PBXFileReference; lastKnownFileType = sourcecode.c.c; path = glad.c; sourceTree = "<group>"; };
		F97EC31D20839A0F0084A898 /* createWindow */ = {isa = PBXFileReference; explicitFileType = "compiled.mach-o.executable"; includeInIndex = 0; path = createWindow; sourceTree = BUILT_PRODUCTS_DIR; };
		F97EC32020839A0F0084A898 /* main.m */ = {isa = PBXFileReference; lastKnownFileType = sourcecode.c.objc; path = main.m; sourceTree = "<group>"; };
		F97EC32620839A340084A898 /* OpenGL.framework */ = {isa = PBXFileReference; lastKnownFileType = wrapper.framework; name = OpenGL.framework; path = System/Library/Frameworks/OpenGL.framework; sourceTree = SDKROOT; };
		F97EC32D2083A2950084A898 /* libglfw.3.2.dylib */ = {isa = PBXFileReference; lastKnownFileType = "compiled.mach-o.dylib"; name = libglfw.3.2.dylib; path = ../glfw/3.2.1/lib/libglfw.3.2.dylib; sourceTree = "<group>"; };
		F97EC3442083B3F40084A898 /* asLog.h */ = {isa = PBXFileReference; lastKnownFileType = sourcecode.c.h; path = asLog.h; sourceTree = "<group>"; };
		F97EC3452083B3F40084A898 /* asLog.c */ = {isa = PBXFileReference; lastKnownFileType = sourcecode.c.c; path = asLog.c; sourceTree = "<group>"; };
/* End PBXFileReference section */

/* Begin PBXFrameworksBuildPhase section */
		F95BF9292095C40A00B52272 /* Frameworks */ = {
			isa = PBXFrameworksBuildPhase;
			buildActionMask = 2147483647;
			files = (
				F95BF9332095C64D00B52272 /* libglfw.3.2.dylib in Frameworks */,
			);
			runOnlyForDeploymentPostprocessing = 0;
		};
		F95BF95E2096F35200B52272 /* Frameworks */ = {
			isa = PBXFrameworksBuildPhase;
			buildActionMask = 2147483647;
			files = (
				F95BF96B2096F42500B52272 /* libglfw.3.2.dylib in Frameworks */,
			);
			runOnlyForDeploymentPostprocessing = 0;
		};
		F97C43482091130C00D83128 /* Frameworks */ = {
			isa = PBXFrameworksBuildPhase;
			buildActionMask = 2147483647;
			files = (
				F97C435220921E3100D83128 /* libglfw.3.2.dylib in Frameworks */,
			);
			runOnlyForDeploymentPostprocessing = 0;
		};
		F97EC31A20839A0F0084A898 /* Frameworks */ = {
			isa = PBXFrameworksBuildPhase;
			buildActionMask = 2147483647;
			files = (
				F97EC32E2083A2950084A898 /* libglfw.3.2.dylib in Frameworks */,
				F97EC32720839A340084A898 /* OpenGL.framework in Frameworks */,
			);
			runOnlyForDeploymentPostprocessing = 0;
		};
/* End PBXFrameworksBuildPhase section */

/* Begin PBXGroup section */
		F95BF91D2095B15E00B52272 /* models */ = {
			isa = PBXGroup;
			children = (
				F95BF91E2095B18D00B52272 /* ShaderProgram.cpp */,
				F95BF91F2095B18D00B52272 /* ShaderProgram.hpp */,
			);
			path = models;
			sourceTree = "<group>";
		};
		F95BF9222095C15E00B52272 /* shaderCode */ = {
			isa = PBXGroup;
			children = (
				F95BF9242095C18B00B52272 /* fragment */,
				F95BF9232095C17E00B52272 /* vertex */,
			);
			path = shaderCode;
			sourceTree = "<group>";
		};
		F95BF9232095C17E00B52272 /* vertex */ = {
			isa = PBXGroup;
			children = (
				F95BF9252095C29600B52272 /* timing.vs */,
				F95BF9402095D17D00B52272 /* vertexWithColor.vs */,
				F95BF97B2096FFBE00B52272 /* texture.vs */,
			);
			path = vertex;
			sourceTree = "<group>";
		};
		F95BF9242095C18B00B52272 /* fragment */ = {
			isa = PBXGroup;
			children = (
				F95BF9272095C2DE00B52272 /* timing.fs */,
				F95BF9412095D19400B52272 /* vertexWithColor.fs */,
				F95BF97C2096FFD400B52272 /* texture.fs */,
			);
			path = fragment;
			sourceTree = "<group>";
		};
		F95BF92D2095C40A00B52272 /* timing */ = {
			isa = PBXGroup;
			children = (
				F95BF92E2095C40A00B52272 /* main.cpp */,
			);
			path = timing;
			sourceTree = "<group>";
		};
		F95BF9442096F1C700B52272 /* imageTools */ = {
			isa = PBXGroup;
			children = (
				F95BF9452096F1C700B52272 /* stb_image.h */,
				F95BF9462096F26000B52272 /* stb_image.cpp */,
			);
			path = imageTools;
			sourceTree = "<group>";
		};
		F95BF9622096F35200B52272 /* texture */ = {
			isa = PBXGroup;
			children = (
				F95BF9632096F35200B52272 /* main.cpp */,
			);
			path = texture;
			sourceTree = "<group>";
		};
		F95BF9712096F54200B52272 /* Resource */ = {
			isa = PBXGroup;
			children = (
				F95BF9722096F55A00B52272 /* Images */,
			);
			path = Resource;
			sourceTree = "<group>";
		};
		F95BF9722096F55A00B52272 /* Images */ = {
			isa = PBXGroup;
			children = (
				F95BF97F20970CC100B52272 /* awesomeface.png */,
				F95BF9732096F58800B52272 /* container.jpg */,
			);
			path = Images;
			sourceTree = "<group>";
		};
		F97C434C2091130C00D83128 /* hello-triangle */ = {
			isa = PBXGroup;
			children = (
				F97C434D2091130C00D83128 /* main.cpp */,
			);
			path = "hello-triangle";
			sourceTree = "<group>";
		};
		F97EC309208397EE0084A898 = {
			isa = PBXGroup;
			children = (
				F95BF9712096F54200B52272 /* Resource */,
				F95BF9222095C15E00B52272 /* shaderCode */,
				F95BF91D2095B15E00B52272 /* models */,
				F97EC3422083B3AE0084A898 /* utils */,
				F97EC310208399C70084A898 /* glad */,
				F97EC31F20839A0F0084A898 /* createWindow */,
				F97C434C2091130C00D83128 /* hello-triangle */,
				F95BF92D2095C40A00B52272 /* timing */,
				F95BF9622096F35200B52272 /* texture */,
				F97EC31E20839A0F0084A898 /* Products */,
				F97EC32520839A340084A898 /* Frameworks */,
			);
			sourceTree = "<group>";
		};
		F97EC310208399C70084A898 /* glad */ = {
			isa = PBXGroup;
			children = (
				F97EC311208399C70084A898 /* include */,
				F97EC316208399C70084A898 /* src */,
			);
			name = glad;
			path = ../glad;
			sourceTree = "<group>";
		};
		F97EC311208399C70084A898 /* include */ = {
			isa = PBXGroup;
			children = (
				F97EC312208399C70084A898 /* KHR */,
				F97EC314208399C70084A898 /* glad */,
			);
			path = include;
			sourceTree = "<group>";
		};
		F97EC312208399C70084A898 /* KHR */ = {
			isa = PBXGroup;
			children = (
				F97EC313208399C70084A898 /* khrplatform.h */,
			);
			path = KHR;
			sourceTree = "<group>";
		};
		F97EC314208399C70084A898 /* glad */ = {
			isa = PBXGroup;
			children = (
				F97EC315208399C70084A898 /* glad.h */,
			);
			path = glad;
			sourceTree = "<group>";
		};
		F97EC316208399C70084A898 /* src */ = {
			isa = PBXGroup;
			children = (
				F97EC317208399C70084A898 /* glad.c */,
			);
			path = src;
			sourceTree = "<group>";
		};
		F97EC31E20839A0F0084A898 /* Products */ = {
			isa = PBXGroup;
			children = (
				F97EC31D20839A0F0084A898 /* createWindow */,
				F97C434B2091130C00D83128 /* hello-triangle */,
				F95BF92C2095C40A00B52272 /* timing */,
				F95BF9612096F35200B52272 /* texture */,
			);
			name = Products;
			sourceTree = "<group>";
		};
		F97EC31F20839A0F0084A898 /* createWindow */ = {
			isa = PBXGroup;
			children = (
				F97EC32020839A0F0084A898 /* main.m */,
			);
			path = createWindow;
			sourceTree = "<group>";
		};
		F97EC32520839A340084A898 /* Frameworks */ = {
			isa = PBXGroup;
			children = (
				F97EC32D2083A2950084A898 /* libglfw.3.2.dylib */,
				F97EC32620839A340084A898 /* OpenGL.framework */,
			);
			name = Frameworks;
			sourceTree = "<group>";
		};
		F97EC3422083B3AE0084A898 /* utils */ = {
			isa = PBXGroup;
			children = (
				F95BF9442096F1C700B52272 /* imageTools */,
				F97EC3432083B3BB0084A898 /* logger */,
			);
			path = utils;
			sourceTree = "<group>";
		};
		F97EC3432083B3BB0084A898 /* logger */ = {
			isa = PBXGroup;
			children = (
				F97EC3442083B3F40084A898 /* asLog.h */,
				F97EC3452083B3F40084A898 /* asLog.c */,
				F97C435720922B9100D83128 /* asLog.cpp */,
			);
			path = logger;
			sourceTree = "<group>";
		};
/* End PBXGroup section */

/* Begin PBXNativeTarget section */
		F95BF92B2095C40A00B52272 /* timing */ = {
			isa = PBXNativeTarget;
			buildConfigurationList = F95BF9302095C40A00B52272 /* Build configuration list for PBXNativeTarget "timing" */;
			buildPhases = (
				F95BF9282095C40A00B52272 /* Sources */,
				F95BF9292095C40A00B52272 /* Frameworks */,
				F95BF92A2095C40A00B52272 /* CopyFiles */,
				F95BF93D2095CB9600B52272 /* CopyFiles */,
			);
			buildRules = (
			);
			dependencies = (
			);
			name = timing;
			productName = timing;
			productReference = F95BF92C2095C40A00B52272 /* timing */;
			productType = "com.apple.product-type.tool";
		};
		F95BF9602096F35200B52272 /* texture */ = {
			isa = PBXNativeTarget;
			buildConfigurationList = F95BF9652096F35200B52272 /* Build configuration list for PBXNativeTarget "texture" */;
			buildPhases = (
				F95BF95D2096F35200B52272 /* Sources */,
				F95BF95E2096F35200B52272 /* Frameworks */,
				F95BF95F2096F35200B52272 /* CopyFiles */,
			);
			buildRules = (
			);
			dependencies = (
			);
			name = texture;
			productName = texture;
			productReference = F95BF9612096F35200B52272 /* texture */;
			productType = "com.apple.product-type.tool";
		};
		F97C434A2091130C00D83128 /* hello-triangle */ = {
			isa = PBXNativeTarget;
			buildConfigurationList = F97C43512091130C00D83128 /* Build configuration list for PBXNativeTarget "hello-triangle" */;
			buildPhases = (
				F97C43472091130C00D83128 /* Sources */,
				F97C43482091130C00D83128 /* Frameworks */,
				F97C43492091130C00D83128 /* CopyFiles */,
			);
			buildRules = (
			);
			dependencies = (
			);
			name = "hello-triangle";
			productName = "hello-triangle";
			productReference = F97C434B2091130C00D83128 /* hello-triangle */;
			productType = "com.apple.product-type.tool";
		};
		F97EC31C20839A0F0084A898 /* createWindow */ = {
			isa = PBXNativeTarget;
			buildConfigurationList = F97EC32220839A0F0084A898 /* Build configuration list for PBXNativeTarget "createWindow" */;
			buildPhases = (
				F97EC31920839A0F0084A898 /* Sources */,
				F97EC31A20839A0F0084A898 /* Frameworks */,
				F97EC31B20839A0F0084A898 /* CopyFiles */,
			);
			buildRules = (
			);
			dependencies = (
			);
			name = createWindow;
			productName = createWindow;
			productReference = F97EC31D20839A0F0084A898 /* createWindow */;
			productType = "com.apple.product-type.tool";
		};
/* End PBXNativeTarget section */

/* Begin PBXProject section */
		F97EC30A208397EE0084A898 /* Project object */ = {
			isa = PBXProject;
			attributes = {
				LastUpgradeCheck = 0930;
				TargetAttributes = {
					F95BF92B2095C40A00B52272 = {
						CreatedOnToolsVersion = 9.3;
					};
					F95BF9602096F35200B52272 = {
						CreatedOnToolsVersion = 9.3;
					};
					F97C434A2091130C00D83128 = {
						CreatedOnToolsVersion = 9.3;
					};
					F97EC31C20839A0F0084A898 = {
						CreatedOnToolsVersion = 9.3;
					};
				};
			};
			buildConfigurationList = F97EC30D208397EE0084A898 /* Build configuration list for PBXProject "openglLearning" */;
			compatibilityVersion = "Xcode 9.3";
			developmentRegion = en;
			hasScannedForEncodings = 0;
			knownRegions = (
				en,
			);
			mainGroup = F97EC309208397EE0084A898;
			productRefGroup = F97EC31E20839A0F0084A898 /* Products */;
			projectDirPath = "";
			projectRoot = "";
			targets = (
				F97EC31C20839A0F0084A898 /* createWindow */,
				F97C434A2091130C00D83128 /* hello-triangle */,
				F95BF92B2095C40A00B52272 /* timing */,
				F95BF9602096F35200B52272 /* texture */,
			);
		};
/* End PBXProject section */

/* Begin PBXSourcesBuildPhase section */
		F95BF9282095C40A00B52272 /* Sources */ = {
			isa = PBXSourcesBuildPhase;
			buildActionMask = 2147483647;
			files = (
				F95BF9392095C7BE00B52272 /* glad.c in Sources */,
				F95BF9382095C7B200B52272 /* asLog.cpp in Sources */,
				F95BF9492096F26000B52272 /* stb_image.cpp in Sources */,
				F95BF9372095C7AA00B52272 /* ShaderProgram.cpp in Sources */,
				F95BF92F2095C40A00B52272 /* main.cpp in Sources */,
			);
			runOnlyForDeploymentPostprocessing = 0;
		};
		F95BF95D2096F35200B52272 /* Sources */ = {
			isa = PBXSourcesBuildPhase;
			buildActionMask = 2147483647;
			files = (
				F95BF9752096F69A00B52272 /* stb_image.cpp in Sources */,
				F95BF96A2096F3EF00B52272 /* ShaderProgram.cpp in Sources */,
				F95BF9692096F3E600B52272 /* glad.c in Sources */,
				F95BF9682096F3D900B52272 /* asLog.cpp in Sources */,
				F95BF9642096F35200B52272 /* main.cpp in Sources */,
			);
			runOnlyForDeploymentPostprocessing = 0;
		};
		F97C43472091130C00D83128 /* Sources */ = {
			isa = PBXSourcesBuildPhase;
			buildActionMask = 2147483647;
			files = (
				F95BF9212095BEDD00B52272 /* ShaderProgram.cpp in Sources */,
				F97C435920922BA700D83128 /* asLog.cpp in Sources */,
				F95BF9482096F26000B52272 /* stb_image.cpp in Sources */,
				F97C43542092265900D83128 /* glad.c in Sources */,
				F97C434E2091130C00D83128 /* main.cpp in Sources */,
			);
			runOnlyForDeploymentPostprocessing = 0;
		};
		F97EC31920839A0F0084A898 /* Sources */ = {
			isa = PBXSourcesBuildPhase;
			buildActionMask = 2147483647;
			files = (
				F97C435A20922BF700D83128 /* asLog.c in Sources */,
				F95BF9202095B18D00B52272 /* ShaderProgram.cpp in Sources */,
				F95BF9472096F26000B52272 /* stb_image.cpp in Sources */,
				F97EC32A2083A0420084A898 /* glad.c in Sources */,
				F97EC32120839A0F0084A898 /* main.m in Sources */,
			);
			runOnlyForDeploymentPostprocessing = 0;
		};
/* End PBXSourcesBuildPhase section */

/* Begin XCBuildConfiguration section */
		F95BF9312095C40A00B52272 /* Debug */ = {
			isa = XCBuildConfiguration;
			buildSettings = {
				ALWAYS_SEARCH_USER_PATHS = NO;
				CLANG_ANALYZER_NONNULL = YES;
				CLANG_ANALYZER_NUMBER_OBJECT_CONVERSION = YES_AGGRESSIVE;
				CLANG_CXX_LANGUAGE_STANDARD = "gnu++14";
				CLANG_CXX_LIBRARY = "libc++";
				CLANG_ENABLE_MODULES = YES;
				CLANG_ENABLE_OBJC_ARC = YES;
				CLANG_ENABLE_OBJC_WEAK = YES;
				CLANG_WARN_BLOCK_CAPTURE_AUTORELEASING = YES;
				CLANG_WARN_BOOL_CONVERSION = YES;
				CLANG_WARN_COMMA = YES;
				CLANG_WARN_CONSTANT_CONVERSION = YES;
				CLANG_WARN_DEPRECATED_OBJC_IMPLEMENTATIONS = YES;
				CLANG_WARN_DIRECT_OBJC_ISA_USAGE = YES_ERROR;
				CLANG_WARN_DOCUMENTATION_COMMENTS = YES;
				CLANG_WARN_EMPTY_BODY = YES;
				CLANG_WARN_ENUM_CONVERSION = YES;
				CLANG_WARN_INFINITE_RECURSION = YES;
				CLANG_WARN_INT_CONVERSION = YES;
				CLANG_WARN_NON_LITERAL_NULL_CONVERSION = YES;
				CLANG_WARN_OBJC_IMPLICIT_RETAIN_SELF = YES;
				CLANG_WARN_OBJC_LITERAL_CONVERSION = YES;
				CLANG_WARN_OBJC_ROOT_CLASS = YES_ERROR;
				CLANG_WARN_RANGE_LOOP_ANALYSIS = YES;
				CLANG_WARN_STRICT_PROTOTYPES = YES;
				CLANG_WARN_SUSPICIOUS_MOVE = YES;
				CLANG_WARN_UNGUARDED_AVAILABILITY = YES_AGGRESSIVE;
				CLANG_WARN_UNREACHABLE_CODE = YES;
				CLANG_WARN__DUPLICATE_METHOD_MATCH = YES;
				CODE_SIGN_IDENTITY = "Mac Developer";
				CODE_SIGN_STYLE = Automatic;
				COPY_PHASE_STRIP = NO;
				DEBUG_INFORMATION_FORMAT = dwarf;
				DEVELOPMENT_TEAM = YGTXB4R2WQ;
				ENABLE_STRICT_OBJC_MSGSEND = YES;
				ENABLE_TESTABILITY = YES;
				GCC_C_LANGUAGE_STANDARD = gnu11;
				GCC_DYNAMIC_NO_PIC = NO;
				GCC_NO_COMMON_BLOCKS = YES;
				GCC_OPTIMIZATION_LEVEL = 0;
				GCC_PREPROCESSOR_DEFINITIONS = (
					"DEBUG=1",
					"$(inherited)",
				);
				GCC_WARN_64_TO_32_BIT_CONVERSION = YES;
				GCC_WARN_ABOUT_RETURN_TYPE = YES_ERROR;
				GCC_WARN_UNDECLARED_SELECTOR = YES;
				GCC_WARN_UNINITIALIZED_AUTOS = YES_AGGRESSIVE;
				GCC_WARN_UNUSED_FUNCTION = YES;
				GCC_WARN_UNUSED_VARIABLE = YES;
				HEADER_SEARCH_PATHS = "../glfw/3.2.1/include/**";
				LIBRARY_SEARCH_PATHS = "../glfw/3.2.1/lib/**";
				MACOSX_DEPLOYMENT_TARGET = 10.13;
				MTL_ENABLE_DEBUG_INFO = YES;
				ONLY_ACTIVE_ARCH = YES;
				PRODUCT_NAME = "$(TARGET_NAME)";
				SDKROOT = macosx;
			};
			name = Debug;
		};
		F95BF9322095C40A00B52272 /* Release */ = {
			isa = XCBuildConfiguration;
			buildSettings = {
				ALWAYS_SEARCH_USER_PATHS = NO;
				CLANG_ANALYZER_NONNULL = YES;
				CLANG_ANALYZER_NUMBER_OBJECT_CONVERSION = YES_AGGRESSIVE;
				CLANG_CXX_LANGUAGE_STANDARD = "gnu++14";
				CLANG_CXX_LIBRARY = "libc++";
				CLANG_ENABLE_MODULES = YES;
				CLANG_ENABLE_OBJC_ARC = YES;
				CLANG_ENABLE_OBJC_WEAK = YES;
				CLANG_WARN_BLOCK_CAPTURE_AUTORELEASING = YES;
				CLANG_WARN_BOOL_CONVERSION = YES;
				CLANG_WARN_COMMA = YES;
				CLANG_WARN_CONSTANT_CONVERSION = YES;
				CLANG_WARN_DEPRECATED_OBJC_IMPLEMENTATIONS = YES;
				CLANG_WARN_DIRECT_OBJC_ISA_USAGE = YES_ERROR;
				CLANG_WARN_DOCUMENTATION_COMMENTS = YES;
				CLANG_WARN_EMPTY_BODY = YES;
				CLANG_WARN_ENUM_CONVERSION = YES;
				CLANG_WARN_INFINITE_RECURSION = YES;
				CLANG_WARN_INT_CONVERSION = YES;
				CLANG_WARN_NON_LITERAL_NULL_CONVERSION = YES;
				CLANG_WARN_OBJC_IMPLICIT_RETAIN_SELF = YES;
				CLANG_WARN_OBJC_LITERAL_CONVERSION = YES;
				CLANG_WARN_OBJC_ROOT_CLASS = YES_ERROR;
				CLANG_WARN_RANGE_LOOP_ANALYSIS = YES;
				CLANG_WARN_STRICT_PROTOTYPES = YES;
				CLANG_WARN_SUSPICIOUS_MOVE = YES;
				CLANG_WARN_UNGUARDED_AVAILABILITY = YES_AGGRESSIVE;
				CLANG_WARN_UNREACHABLE_CODE = YES;
				CLANG_WARN__DUPLICATE_METHOD_MATCH = YES;
				CODE_SIGN_IDENTITY = "Mac Developer";
				CODE_SIGN_STYLE = Automatic;
				COPY_PHASE_STRIP = NO;
				DEBUG_INFORMATION_FORMAT = "dwarf-with-dsym";
				DEVELOPMENT_TEAM = YGTXB4R2WQ;
				ENABLE_NS_ASSERTIONS = NO;
				ENABLE_STRICT_OBJC_MSGSEND = YES;
				GCC_C_LANGUAGE_STANDARD = gnu11;
				GCC_NO_COMMON_BLOCKS = YES;
				GCC_WARN_64_TO_32_BIT_CONVERSION = YES;
				GCC_WARN_ABOUT_RETURN_TYPE = YES_ERROR;
				GCC_WARN_UNDECLARED_SELECTOR = YES;
				GCC_WARN_UNINITIALIZED_AUTOS = YES_AGGRESSIVE;
				GCC_WARN_UNUSED_FUNCTION = YES;
				GCC_WARN_UNUSED_VARIABLE = YES;
				HEADER_SEARCH_PATHS = "../glfw/3.2.1/include/**";
				LIBRARY_SEARCH_PATHS = "../glfw/3.2.1/lib/**";
				MACOSX_DEPLOYMENT_TARGET = 10.13;
				MTL_ENABLE_DEBUG_INFO = NO;
				PRODUCT_NAME = "$(TARGET_NAME)";
				SDKROOT = macosx;
			};
			name = Release;
		};
		F95BF9662096F35200B52272 /* Debug */ = {
			isa = XCBuildConfiguration;
			buildSettings = {
				ALWAYS_SEARCH_USER_PATHS = NO;
				CLANG_ANALYZER_NONNULL = YES;
				CLANG_ANALYZER_NUMBER_OBJECT_CONVERSION = YES_AGGRESSIVE;
				CLANG_CXX_LANGUAGE_STANDARD = "gnu++14";
				CLANG_CXX_LIBRARY = "libc++";
				CLANG_ENABLE_MODULES = YES;
				CLANG_ENABLE_OBJC_ARC = YES;
				CLANG_ENABLE_OBJC_WEAK = YES;
				CLANG_WARN_BLOCK_CAPTURE_AUTORELEASING = YES;
				CLANG_WARN_BOOL_CONVERSION = YES;
				CLANG_WARN_COMMA = YES;
				CLANG_WARN_CONSTANT_CONVERSION = YES;
				CLANG_WARN_DEPRECATED_OBJC_IMPLEMENTATIONS = YES;
				CLANG_WARN_DIRECT_OBJC_ISA_USAGE = YES_ERROR;
				CLANG_WARN_DOCUMENTATION_COMMENTS = YES;
				CLANG_WARN_EMPTY_BODY = YES;
				CLANG_WARN_ENUM_CONVERSION = YES;
				CLANG_WARN_INFINITE_RECURSION = YES;
				CLANG_WARN_INT_CONVERSION = YES;
				CLANG_WARN_NON_LITERAL_NULL_CONVERSION = YES;
				CLANG_WARN_OBJC_IMPLICIT_RETAIN_SELF = YES;
				CLANG_WARN_OBJC_LITERAL_CONVERSION = YES;
				CLANG_WARN_OBJC_ROOT_CLASS = YES_ERROR;
				CLANG_WARN_RANGE_LOOP_ANALYSIS = YES;
				CLANG_WARN_STRICT_PROTOTYPES = YES;
				CLANG_WARN_SUSPICIOUS_MOVE = YES;
				CLANG_WARN_UNGUARDED_AVAILABILITY = YES_AGGRESSIVE;
				CLANG_WARN_UNREACHABLE_CODE = YES;
				CLANG_WARN__DUPLICATE_METHOD_MATCH = YES;
				CODE_SIGN_IDENTITY = "Mac Developer";
				CODE_SIGN_STYLE = Automatic;
				COPY_PHASE_STRIP = NO;
				DEBUG_INFORMATION_FORMAT = dwarf;
				DEVELOPMENT_TEAM = YGTXB4R2WQ;
				ENABLE_STRICT_OBJC_MSGSEND = YES;
				ENABLE_TESTABILITY = YES;
				GCC_C_LANGUAGE_STANDARD = gnu11;
				GCC_DYNAMIC_NO_PIC = NO;
				GCC_NO_COMMON_BLOCKS = YES;
				GCC_OPTIMIZATION_LEVEL = 0;
				GCC_PREPROCESSOR_DEFINITIONS = (
					"DEBUG=1",
					"$(inherited)",
				);
				GCC_WARN_64_TO_32_BIT_CONVERSION = YES;
				GCC_WARN_ABOUT_RETURN_TYPE = YES_ERROR;
				GCC_WARN_UNDECLARED_SELECTOR = YES;
				GCC_WARN_UNINITIALIZED_AUTOS = YES_AGGRESSIVE;
				GCC_WARN_UNUSED_FUNCTION = YES;
				GCC_WARN_UNUSED_VARIABLE = YES;
				HEADER_SEARCH_PATHS = "../glfw/3.2.1/include/**";
				LIBRARY_SEARCH_PATHS = "../glfw/3.2.1/lib/**";
				MACOSX_DEPLOYMENT_TARGET = 10.13;
				MTL_ENABLE_DEBUG_INFO = YES;
				ONLY_ACTIVE_ARCH = YES;
				PRODUCT_NAME = "$(TARGET_NAME)";
				SDKROOT = macosx;
			};
			name = Debug;
		};
		F95BF9672096F35200B52272 /* Release */ = {
			isa = XCBuildConfiguration;
			buildSettings = {
				ALWAYS_SEARCH_USER_PATHS = NO;
				CLANG_ANALYZER_NONNULL = YES;
				CLANG_ANALYZER_NUMBER_OBJECT_CONVERSION = YES_AGGRESSIVE;
				CLANG_CXX_LANGUAGE_STANDARD = "gnu++14";
				CLANG_CXX_LIBRARY = "libc++";
				CLANG_ENABLE_MODULES = YES;
				CLANG_ENABLE_OBJC_ARC = YES;
				CLANG_ENABLE_OBJC_WEAK = YES;
				CLANG_WARN_BLOCK_CAPTURE_AUTORELEASING = YES;
				CLANG_WARN_BOOL_CONVERSION = YES;
				CLANG_WARN_COMMA = YES;
				CLANG_WARN_CONSTANT_CONVERSION = YES;
				CLANG_WARN_DEPRECATED_OBJC_IMPLEMENTATIONS = YES;
				CLANG_WARN_DIRECT_OBJC_ISA_USAGE = YES_ERROR;
				CLANG_WARN_DOCUMENTATION_COMMENTS = YES;
				CLANG_WARN_EMPTY_BODY = YES;
				CLANG_WARN_ENUM_CONVERSION = YES;
				CLANG_WARN_INFINITE_RECURSION = YES;
				CLANG_WARN_INT_CONVERSION = YES;
				CLANG_WARN_NON_LITERAL_NULL_CONVERSION = YES;
				CLANG_WARN_OBJC_IMPLICIT_RETAIN_SELF = YES;
				CLANG_WARN_OBJC_LITERAL_CONVERSION = YES;
				CLANG_WARN_OBJC_ROOT_CLASS = YES_ERROR;
				CLANG_WARN_RANGE_LOOP_ANALYSIS = YES;
				CLANG_WARN_STRICT_PROTOTYPES = YES;
				CLANG_WARN_SUSPICIOUS_MOVE = YES;
				CLANG_WARN_UNGUARDED_AVAILABILITY = YES_AGGRESSIVE;
				CLANG_WARN_UNREACHABLE_CODE = YES;
				CLANG_WARN__DUPLICATE_METHOD_MATCH = YES;
				CODE_SIGN_IDENTITY = "Mac Developer";
				CODE_SIGN_STYLE = Automatic;
				COPY_PHASE_STRIP = NO;
				DEBUG_INFORMATION_FORMAT = "dwarf-with-dsym";
				DEVELOPMENT_TEAM = YGTXB4R2WQ;
				ENABLE_NS_ASSERTIONS = NO;
				ENABLE_STRICT_OBJC_MSGSEND = YES;
				GCC_C_LANGUAGE_STANDARD = gnu11;
				GCC_NO_COMMON_BLOCKS = YES;
				GCC_WARN_64_TO_32_BIT_CONVERSION = YES;
				GCC_WARN_ABOUT_RETURN_TYPE = YES_ERROR;
				GCC_WARN_UNDECLARED_SELECTOR = YES;
				GCC_WARN_UNINITIALIZED_AUTOS = YES_AGGRESSIVE;
				GCC_WARN_UNUSED_FUNCTION = YES;
				GCC_WARN_UNUSED_VARIABLE = YES;
				HEADER_SEARCH_PATHS = "../glfw/3.2.1/include/**";
				LIBRARY_SEARCH_PATHS = "../glfw/3.2.1/lib/**";
				MACOSX_DEPLOYMENT_TARGET = 10.13;
				MTL_ENABLE_DEBUG_INFO = NO;
				PRODUCT_NAME = "$(TARGET_NAME)";
				SDKROOT = macosx;
			};
			name = Release;
		};
		F97C434F2091130C00D83128 /* Debug */ = {
			isa = XCBuildConfiguration;
			buildSettings = {
				ALWAYS_SEARCH_USER_PATHS = NO;
				CLANG_ANALYZER_NONNULL = YES;
				CLANG_ANALYZER_NUMBER_OBJECT_CONVERSION = YES_AGGRESSIVE;
				CLANG_CXX_LANGUAGE_STANDARD = "gnu++14";
				CLANG_CXX_LIBRARY = "libc++";
				CLANG_ENABLE_MODULES = YES;
				CLANG_ENABLE_OBJC_ARC = YES;
				CLANG_ENABLE_OBJC_WEAK = YES;
				CLANG_WARN_BLOCK_CAPTURE_AUTORELEASING = YES;
				CLANG_WARN_BOOL_CONVERSION = YES;
				CLANG_WARN_COMMA = YES;
				CLANG_WARN_CONSTANT_CONVERSION = YES;
				CLANG_WARN_DEPRECATED_OBJC_IMPLEMENTATIONS = YES;
				CLANG_WARN_DIRECT_OBJC_ISA_USAGE = YES_ERROR;
				CLANG_WARN_DOCUMENTATION_COMMENTS = YES;
				CLANG_WARN_EMPTY_BODY = YES;
				CLANG_WARN_ENUM_CONVERSION = YES;
				CLANG_WARN_INFINITE_RECURSION = YES;
				CLANG_WARN_INT_CONVERSION = YES;
				CLANG_WARN_NON_LITERAL_NULL_CONVERSION = YES;
				CLANG_WARN_OBJC_IMPLICIT_RETAIN_SELF = YES;
				CLANG_WARN_OBJC_LITERAL_CONVERSION = YES;
				CLANG_WARN_OBJC_ROOT_CLASS = YES_ERROR;
				CLANG_WARN_RANGE_LOOP_ANALYSIS = YES;
				CLANG_WARN_STRICT_PROTOTYPES = YES;
				CLANG_WARN_SUSPICIOUS_MOVE = YES;
				CLANG_WARN_UNGUARDED_AVAILABILITY = YES_AGGRESSIVE;
				CLANG_WARN_UNREACHABLE_CODE = YES;
				CLANG_WARN__DUPLICATE_METHOD_MATCH = YES;
				CODE_SIGN_IDENTITY = "Mac Developer";
				CODE_SIGN_STYLE = Automatic;
				COPY_PHASE_STRIP = NO;
				DEBUG_INFORMATION_FORMAT = dwarf;
				DEVELOPMENT_TEAM = YGTXB4R2WQ;
				ENABLE_STRICT_OBJC_MSGSEND = YES;
				ENABLE_TESTABILITY = YES;
				GCC_C_LANGUAGE_STANDARD = gnu11;
				GCC_DYNAMIC_NO_PIC = NO;
				GCC_NO_COMMON_BLOCKS = YES;
				GCC_OPTIMIZATION_LEVEL = 0;
				GCC_PREPROCESSOR_DEFINITIONS = (
					"DEBUG=1",
					"$(inherited)",
				);
				GCC_WARN_64_TO_32_BIT_CONVERSION = YES;
				GCC_WARN_ABOUT_RETURN_TYPE = YES_ERROR;
				GCC_WARN_UNDECLARED_SELECTOR = YES;
				GCC_WARN_UNINITIALIZED_AUTOS = YES_AGGRESSIVE;
				GCC_WARN_UNUSED_FUNCTION = YES;
				GCC_WARN_UNUSED_VARIABLE = YES;
				HEADER_SEARCH_PATHS = "../glfw/3.2.1/include/**";
				LIBRARY_SEARCH_PATHS = "../glfw/3.2.1/lib/**";
				MACOSX_DEPLOYMENT_TARGET = 10.13;
				MTL_ENABLE_DEBUG_INFO = YES;
				ONLY_ACTIVE_ARCH = YES;
				PRODUCT_NAME = "$(TARGET_NAME)";
				SDKROOT = macosx;
			};
			name = Debug;
		};
		F97C43502091130C00D83128 /* Release */ = {
			isa = XCBuildConfiguration;
			buildSettings = {
				ALWAYS_SEARCH_USER_PATHS = NO;
				CLANG_ANALYZER_NONNULL = YES;
				CLANG_ANALYZER_NUMBER_OBJECT_CONVERSION = YES_AGGRESSIVE;
				CLANG_CXX_LANGUAGE_STANDARD = "gnu++14";
				CLANG_CXX_LIBRARY = "libc++";
				CLANG_ENABLE_MODULES = YES;
				CLANG_ENABLE_OBJC_ARC = YES;
				CLANG_ENABLE_OBJC_WEAK = YES;
				CLANG_WARN_BLOCK_CAPTURE_AUTORELEASING = YES;
				CLANG_WARN_BOOL_CONVERSION = YES;
				CLANG_WARN_COMMA = YES;
				CLANG_WARN_CONSTANT_CONVERSION = YES;
				CLANG_WARN_DEPRECATED_OBJC_IMPLEMENTATIONS = YES;
				CLANG_WARN_DIRECT_OBJC_ISA_USAGE = YES_ERROR;
				CLANG_WARN_DOCUMENTATION_COMMENTS = YES;
				CLANG_WARN_EMPTY_BODY = YES;
				CLANG_WARN_ENUM_CONVERSION = YES;
				CLANG_WARN_INFINITE_RECURSION = YES;
				CLANG_WARN_INT_CONVERSION = YES;
				CLANG_WARN_NON_LITERAL_NULL_CONVERSION = YES;
				CLANG_WARN_OBJC_IMPLICIT_RETAIN_SELF = YES;
				CLANG_WARN_OBJC_LITERAL_CONVERSION = YES;
				CLANG_WARN_OBJC_ROOT_CLASS = YES_ERROR;
				CLANG_WARN_RANGE_LOOP_ANALYSIS = YES;
				CLANG_WARN_STRICT_PROTOTYPES = YES;
				CLANG_WARN_SUSPICIOUS_MOVE = YES;
				CLANG_WARN_UNGUARDED_AVAILABILITY = YES_AGGRESSIVE;
				CLANG_WARN_UNREACHABLE_CODE = YES;
				CLANG_WARN__DUPLICATE_METHOD_MATCH = YES;
				CODE_SIGN_IDENTITY = "Mac Developer";
				CODE_SIGN_STYLE = Automatic;
				COPY_PHASE_STRIP = NO;
				DEBUG_INFORMATION_FORMAT = "dwarf-with-dsym";
				DEVELOPMENT_TEAM = YGTXB4R2WQ;
				ENABLE_NS_ASSERTIONS = NO;
				ENABLE_STRICT_OBJC_MSGSEND = YES;
				GCC_C_LANGUAGE_STANDARD = gnu11;
				GCC_NO_COMMON_BLOCKS = YES;
				GCC_WARN_64_TO_32_BIT_CONVERSION = YES;
				GCC_WARN_ABOUT_RETURN_TYPE = YES_ERROR;
				GCC_WARN_UNDECLARED_SELECTOR = YES;
				GCC_WARN_UNINITIALIZED_AUTOS = YES_AGGRESSIVE;
				GCC_WARN_UNUSED_FUNCTION = YES;
				GCC_WARN_UNUSED_VARIABLE = YES;
				HEADER_SEARCH_PATHS = "../glfw/3.2.1/include/**";
				LIBRARY_SEARCH_PATHS = "../glfw/3.2.1/lib/**";
				MACOSX_DEPLOYMENT_TARGET = 10.13;
				MTL_ENABLE_DEBUG_INFO = NO;
				PRODUCT_NAME = "$(TARGET_NAME)";
				SDKROOT = macosx;
			};
			name = Release;
		};
		F97EC30E208397EE0084A898 /* Debug */ = {
			isa = XCBuildConfiguration;
			buildSettings = {
			};
			name = Debug;
		};
		F97EC30F208397EE0084A898 /* Release */ = {
			isa = XCBuildConfiguration;
			buildSettings = {
			};
			name = Release;
		};
		F97EC32320839A0F0084A898 /* Debug */ = {
			isa = XCBuildConfiguration;
			buildSettings = {
				ALWAYS_SEARCH_USER_PATHS = NO;
				CLANG_ANALYZER_NONNULL = YES;
				CLANG_ANALYZER_NUMBER_OBJECT_CONVERSION = YES_AGGRESSIVE;
				CLANG_CXX_LANGUAGE_STANDARD = "gnu++14";
				CLANG_CXX_LIBRARY = "libc++";
				CLANG_ENABLE_MODULES = YES;
				CLANG_ENABLE_OBJC_ARC = YES;
				CLANG_ENABLE_OBJC_WEAK = YES;
				CLANG_WARN_BLOCK_CAPTURE_AUTORELEASING = YES;
				CLANG_WARN_BOOL_CONVERSION = YES;
				CLANG_WARN_COMMA = YES;
				CLANG_WARN_CONSTANT_CONVERSION = YES;
				CLANG_WARN_DEPRECATED_OBJC_IMPLEMENTATIONS = YES;
				CLANG_WARN_DIRECT_OBJC_ISA_USAGE = YES_ERROR;
				CLANG_WARN_DOCUMENTATION_COMMENTS = YES;
				CLANG_WARN_EMPTY_BODY = YES;
				CLANG_WARN_ENUM_CONVERSION = YES;
				CLANG_WARN_INFINITE_RECURSION = YES;
				CLANG_WARN_INT_CONVERSION = YES;
				CLANG_WARN_NON_LITERAL_NULL_CONVERSION = YES;
				CLANG_WARN_OBJC_IMPLICIT_RETAIN_SELF = YES;
				CLANG_WARN_OBJC_LITERAL_CONVERSION = YES;
				CLANG_WARN_OBJC_ROOT_CLASS = YES_ERROR;
				CLANG_WARN_RANGE_LOOP_ANALYSIS = YES;
				CLANG_WARN_STRICT_PROTOTYPES = YES;
				CLANG_WARN_SUSPICIOUS_MOVE = YES;
				CLANG_WARN_UNGUARDED_AVAILABILITY = YES_AGGRESSIVE;
				CLANG_WARN_UNREACHABLE_CODE = YES;
				CLANG_WARN__DUPLICATE_METHOD_MATCH = YES;
				CODE_SIGN_IDENTITY = "Mac Developer";
				CODE_SIGN_STYLE = Automatic;
				COPY_PHASE_STRIP = NO;
				DEBUG_INFORMATION_FORMAT = dwarf;
				DEVELOPMENT_TEAM = YGTXB4R2WQ;
				ENABLE_STRICT_OBJC_MSGSEND = YES;
				ENABLE_TESTABILITY = YES;
				GCC_C_LANGUAGE_STANDARD = gnu11;
				GCC_DYNAMIC_NO_PIC = NO;
				GCC_NO_COMMON_BLOCKS = YES;
				GCC_OPTIMIZATION_LEVEL = 0;
				GCC_PREPROCESSOR_DEFINITIONS = (
					"DEBUG=1",
					"$(inherited)",
				);
				GCC_WARN_64_TO_32_BIT_CONVERSION = YES;
				GCC_WARN_ABOUT_RETURN_TYPE = YES_ERROR;
				GCC_WARN_UNDECLARED_SELECTOR = YES;
				GCC_WARN_UNINITIALIZED_AUTOS = YES_AGGRESSIVE;
				GCC_WARN_UNUSED_FUNCTION = YES;
				GCC_WARN_UNUSED_VARIABLE = YES;
				HEADER_SEARCH_PATHS = "../glfw/3.2.1/include/**";
				LIBRARY_SEARCH_PATHS = (
					"$(inherited)",
					"../glfw/3.2.1/lib/**",
				);
				MACOSX_DEPLOYMENT_TARGET = 10.13;
				MTL_ENABLE_DEBUG_INFO = YES;
				ONLY_ACTIVE_ARCH = YES;
				PRODUCT_NAME = "$(TARGET_NAME)";
				SDKROOT = macosx;
			};
			name = Debug;
		};
		F97EC32420839A0F0084A898 /* Release */ = {
			isa = XCBuildConfiguration;
			buildSettings = {
				ALWAYS_SEARCH_USER_PATHS = NO;
				CLANG_ANALYZER_NONNULL = YES;
				CLANG_ANALYZER_NUMBER_OBJECT_CONVERSION = YES_AGGRESSIVE;
				CLANG_CXX_LANGUAGE_STANDARD = "gnu++14";
				CLANG_CXX_LIBRARY = "libc++";
				CLANG_ENABLE_MODULES = YES;
				CLANG_ENABLE_OBJC_ARC = YES;
				CLANG_ENABLE_OBJC_WEAK = YES;
				CLANG_WARN_BLOCK_CAPTURE_AUTORELEASING = YES;
				CLANG_WARN_BOOL_CONVERSION = YES;
				CLANG_WARN_COMMA = YES;
				CLANG_WARN_CONSTANT_CONVERSION = YES;
				CLANG_WARN_DEPRECATED_OBJC_IMPLEMENTATIONS = YES;
				CLANG_WARN_DIRECT_OBJC_ISA_USAGE = YES_ERROR;
				CLANG_WARN_DOCUMENTATION_COMMENTS = YES;
				CLANG_WARN_EMPTY_BODY = YES;
				CLANG_WARN_ENUM_CONVERSION = YES;
				CLANG_WARN_INFINITE_RECURSION = YES;
				CLANG_WARN_INT_CONVERSION = YES;
				CLANG_WARN_NON_LITERAL_NULL_CONVERSION = YES;
				CLANG_WARN_OBJC_IMPLICIT_RETAIN_SELF = YES;
				CLANG_WARN_OBJC_LITERAL_CONVERSION = YES;
				CLANG_WARN_OBJC_ROOT_CLASS = YES_ERROR;
				CLANG_WARN_RANGE_LOOP_ANALYSIS = YES;
				CLANG_WARN_STRICT_PROTOTYPES = YES;
				CLANG_WARN_SUSPICIOUS_MOVE = YES;
				CLANG_WARN_UNGUARDED_AVAILABILITY = YES_AGGRESSIVE;
				CLANG_WARN_UNREACHABLE_CODE = YES;
				CLANG_WARN__DUPLICATE_METHOD_MATCH = YES;
				CODE_SIGN_IDENTITY = "Mac Developer";
				CODE_SIGN_STYLE = Automatic;
				COPY_PHASE_STRIP = NO;
				DEBUG_INFORMATION_FORMAT = "dwarf-with-dsym";
				DEVELOPMENT_TEAM = YGTXB4R2WQ;
				ENABLE_NS_ASSERTIONS = NO;
				ENABLE_STRICT_OBJC_MSGSEND = YES;
				GCC_C_LANGUAGE_STANDARD = gnu11;
				GCC_NO_COMMON_BLOCKS = YES;
				GCC_WARN_64_TO_32_BIT_CONVERSION = YES;
				GCC_WARN_ABOUT_RETURN_TYPE = YES_ERROR;
				GCC_WARN_UNDECLARED_SELECTOR = YES;
				GCC_WARN_UNINITIALIZED_AUTOS = YES_AGGRESSIVE;
				GCC_WARN_UNUSED_FUNCTION = YES;
				GCC_WARN_UNUSED_VARIABLE = YES;
				HEADER_SEARCH_PATHS = "../glfw/3.2.1/include/**";
				LIBRARY_SEARCH_PATHS = (
					"$(inherited)",
					"../glfw/3.2.1/lib/**",
				);
				MACOSX_DEPLOYMENT_TARGET = 10.13;
				MTL_ENABLE_DEBUG_INFO = NO;
				PRODUCT_NAME = "$(TARGET_NAME)";
				SDKROOT = macosx;
			};
			name = Release;
		};
/* End XCBuildConfiguration section */

/* Begin XCConfigurationList section */
		F95BF9302095C40A00B52272 /* Build configuration list for PBXNativeTarget "timing" */ = {
			isa = XCConfigurationList;
			buildConfigurations = (
				F95BF9312095C40A00B52272 /* Debug */,
				F95BF9322095C40A00B52272 /* Release */,
			);
			defaultConfigurationIsVisible = 0;
			defaultConfigurationName = Release;
		};
		F95BF9652096F35200B52272 /* Build configuration list for PBXNativeTarget "texture" */ = {
			isa = XCConfigurationList;
			buildConfigurations = (
				F95BF9662096F35200B52272 /* Debug */,
				F95BF9672096F35200B52272 /* Release */,
			);
			defaultConfigurationIsVisible = 0;
			defaultConfigurationName = Release;
		};
		F97C43512091130C00D83128 /* Build configuration list for PBXNativeTarget "hello-triangle" */ = {
			isa = XCConfigurationList;
			buildConfigurations = (
				F97C434F2091130C00D83128 /* Debug */,
				F97C43502091130C00D83128 /* Release */,
			);
			defaultConfigurationIsVisible = 0;
			defaultConfigurationName = Release;
		};
		F97EC30D208397EE0084A898 /* Build configuration list for PBXProject "openglLearning" */ = {
			isa = XCConfigurationList;
			buildConfigurations = (
				F97EC30E208397EE0084A898 /* Debug */,
				F97EC30F208397EE0084A898 /* Release */,
			);
			defaultConfigurationIsVisible = 0;
			defaultConfigurationName = Release;
		};
		F97EC32220839A0F0084A898 /* Build configuration list for PBXNativeTarget "createWindow" */ = {
			isa = XCConfigurationList;
			buildConfigurations = (
				F97EC32320839A0F0084A898 /* Debug */,
				F97EC32420839A0F0084A898 /* Release */,
			);
			defaultConfigurationIsVisible = 0;
			defaultConfigurationName = Release;
		};
/* End XCConfigurationList section */
	};
	rootObject = F97EC30A208397EE0084A898 /* Project object */;
}
